
Microsoft Visual Studio Solution File, Format Version 12.00
# Visual Studio Version 16
VisualStudioVersion = 16.0.31229.75
MinimumVisualStudioVersion = 10.0.40219.1
Project("{8BC9CEB8-8B4A-11D0-8D11-00A0C91BC942}") = "TimesTable", "TimesTable\TimesTable.vcxproj", "{ACF7EEF1-98AB-400C-BDD0-AAF005FA9C45}"
EndProject
Global
	GlobalSection(SolutionConfigurationPlatforms) = preSolution
		Debug|x64 = Debug|x64
		Debug|x86 = Debug|x86
		Release|x64 = Release|x64
		Release|x86 = Release|x86
	EndGlobalSection
	GlobalSection(ProjectConfigurationPlatforms) = postSolution
		{ACF7EEF1-98AB-400C-BDD0-AAF005FA9C45}.Debug|x64.ActiveCfg = Debug|x64
		{ACF7EEF1-98AB-400C-BDD0-AAF005FA9C45}.Debug|x64.Build.0 = Debug|x64
		{ACF7EEF1-98AB-400C-BDD0-AAF005FA9C45}.Debug|x86.ActiveCfg = Debug|Win32
		{ACF7EEF1-98AB-400C-BDD0-AAF005FA9C45}.Debug|x86.Build.0 = Debug|Win32
		{ACF7EEF1-98AB-400C-BDD0-AAF005FA9C45}.Release|x64.ActiveCfg = Release|x64
		{ACF7EEF1-98AB-400C-BDD0-AAF005FA9C45}.Release|x64.Build.0 = Release|x64
		{ACF7EEF1-98AB-400C-BDD0-AAF005FA9C45}.Release|x86.ActiveCfg = Release|Win32
		{ACF7EEF1-98AB-400C-BDD0-AAF005FA9C45}.Release|x86.Build.0 = Release|Win32
	EndGlobalSection
	GlobalSection(SolutionProperties) = preSolution
		HideSolutionNode = FALSE
	EndGlobalSection
	GlobalSection(ExtensibilityGlobals) = postSolution
		SolutionGuid = {1D67D09D-1C2A-4DAA-A954-501E58B11044}
	EndGlobalSection
EndGlobal
